{
  "version": 4,
  "terraform_version": "1.6.1",
  "serial": 60,
  "lineage": "0ff2c2ea-dda5-a584-fb74-e3db044792f7",
  "outputs": {},
  "resources": [
    {
      "mode": "managed",
      "type": "aws_apigatewayv2_api",
      "name": "api_gateway",
      "provider": "provider[\"registry.terraform.io/hashicorp/aws\"]",
      "instances": [
        {
          "schema_version": 0,
          "attributes": {
            "api_endpoint": "https://xuulobg9sl.execute-api.ap-northeast-1.amazonaws.com",
            "api_key_selection_expression": "$request.header.x-api-key",
            "arn": "arn:aws:apigateway:ap-northeast-1::/apis/xuulobg9sl",
            "body": null,
            "cors_configuration": [],
            "credentials_arn": null,
            "description": "",
            "disable_execute_api_endpoint": false,
            "execution_arn": "arn:aws:execute-api:ap-northeast-1:339712996936:xuulobg9sl",
            "fail_on_warnings": null,
            "id": "xuulobg9sl",
            "name": "epson-prod-koteikanri-api",
            "protocol_type": "HTTP",
            "route_key": null,
            "route_selection_expression": "$request.method $request.path",
            "tags": {},
            "tags_all": {
              "env": "epson-prod",
              "service": "koteikanri"
            },
            "target": null,
            "version": ""
          },
          "sensitive_attributes": [],
          "private": "bnVsbA=="
        }
      ]
    },
    {
      "mode": "managed",
      "type": "aws_apigatewayv2_integration",
      "name": "api_integration",
      "provider": "provider[\"registry.terraform.io/hashicorp/aws\"]",
      "instances": [
        {
          "schema_version": 0,
          "attributes": {
            "api_id": "xuulobg9sl",
            "connection_id": "9n1a5e",
            "connection_type": "VPC_LINK",
            "content_handling_strategy": "",
            "credentials_arn": "",
            "description": "",
            "id": "f4cycmg",
            "integration_method": "ANY",
            "integration_response_selection_expression": "",
            "integration_subtype": "",
            "integration_type": "HTTP_PROXY",
            "integration_uri": "arn:aws:servicediscovery:ap-northeast-1:339712996936:service/srv-6r6bqrxdjnkamxdx",
            "passthrough_behavior": "",
            "payload_format_version": "1.0",
            "request_parameters": {},
            "request_templates": {},
            "response_parameters": [],
            "template_selection_expression": "",
            "timeout_milliseconds": 30000,
            "tls_config": []
          },
          "sensitive_attributes": [],
          "private": "bnVsbA==",
          "dependencies": [
            "aws_apigatewayv2_api.api_gateway",
            "aws_apigatewayv2_vpc_link.api_vpc_link",
            "aws_service_discovery_private_dns_namespace.service_discovery_private_dns_namespace",
            "aws_service_discovery_service.service_discovery_service"
          ]
        }
      ]
    },
    {
      "mode": "managed",
      "type": "aws_apigatewayv2_route",
      "name": "api_route",
      "provider": "provider[\"registry.terraform.io/hashicorp/aws\"]",
      "instances": [
        {
          "schema_version": 0,
          "attributes": {
            "api_id": "xuulobg9sl",
            "api_key_required": false,
            "authorization_scopes": [],
            "authorization_type": "NONE",
            "authorizer_id": "",
            "id": "bso5z6m",
            "model_selection_expression": "",
            "operation_name": "",
            "request_models": {},
            "request_parameter": [],
            "route_key": "ANY /{proxy+}",
            "route_response_selection_expression": "",
            "target": "integrations/f4cycmg"
          },
          "sensitive_attributes": [],
          "private": "bnVsbA==",
          "dependencies": [
            "aws_apigatewayv2_api.api_gateway",
            "aws_apigatewayv2_integration.api_integration",
            "aws_apigatewayv2_vpc_link.api_vpc_link",
            "aws_service_discovery_private_dns_namespace.service_discovery_private_dns_namespace",
            "aws_service_discovery_service.service_discovery_service"
          ]
        }
      ]
    },
    {
      "mode": "managed",
      "type": "aws_apigatewayv2_stage",
      "name": "api_stage",
      "provider": "provider[\"registry.terraform.io/hashicorp/aws\"]",
      "instances": [
        {
          "schema_version": 0,
          "attributes": {
            "access_log_settings": [
              {
                "destination_arn": "arn:aws:logs:ap-northeast-1:339712996936:log-group:/aws/apigateway/epson-prod-koteikanri-api_gateway_log_group",
                "format": "$context.identity.sourceIp - - [$context.requestTime] \"$context.httpMethod $context.routeKey $context.protocol\" $context.status $context.responseLength $context.requestId"
              }
            ],
            "api_id": "xuulobg9sl",
            "arn": "arn:aws:apigateway:ap-northeast-1::/apis/xuulobg9sl/stages/api",
            "auto_deploy": false,
            "client_certificate_id": "",
            "default_route_settings": [
              {
                "data_trace_enabled": false,
                "detailed_metrics_enabled": true,
                "logging_level": "",
                "throttling_burst_limit": 0,
                "throttling_rate_limit": 0
              }
            ],
            "deployment_id": "ugcqnt",
            "description": "",
            "execution_arn": "arn:aws:execute-api:ap-northeast-1:339712996936:xuulobg9sl/api",
            "id": "api",
            "invoke_url": "https://xuulobg9sl.execute-api.ap-northeast-1.amazonaws.com/api",
            "name": "api",
            "route_settings": [],
            "stage_variables": {},
            "tags": {},
            "tags_all": {
              "env": "epson-prod",
              "service": "koteikanri"
            }
          },
          "sensitive_attributes": [],
          "private": "bnVsbA==",
          "dependencies": [
            "aws_apigatewayv2_api.api_gateway",
            "aws_cloudwatch_log_group.api_gateway_log_group"
          ]
        }
      ]
    },
    {
      "mode": "managed",
      "type": "aws_apigatewayv2_vpc_link",
      "name": "api_vpc_link",
      "provider": "provider[\"registry.terraform.io/hashicorp/aws\"]",
      "instances": [
        {
          "schema_version": 0,
          "attributes": {
            "arn": "arn:aws:apigateway:ap-northeast-1::/vpclinks/9n1a5e",
            "id": "9n1a5e",
            "name": "epson-prod-koteikanri-apigateway-for-ecs-vpc-link",
            "security_group_ids": [
              "sg-00c066bf12c09075a"
            ],
            "subnet_ids": [
              "subnet-0e6b42c78d1f542d4",
              "subnet-0fb88492426ce979b"
            ],
            "tags": {},
            "tags_all": {
              "env": "epson-prod",
              "service": "koteikanri"
            }
          },
          "sensitive_attributes": [],
          "private": "bnVsbA=="
        }
      ]
    },
    {
      "mode": "managed",
      "type": "aws_autoscaling_group",
      "name": "api_autoscaling_group",
      "provider": "provider[\"registry.terraform.io/hashicorp/aws\"]",
      "instances": [
        {
          "schema_version": 1,
          "attributes": {
            "arn": "arn:aws:autoscaling:ap-northeast-1:339712996936:autoScalingGroup:09b0f289-5bd0-436d-a44e-7673b66e03d4:autoScalingGroupName/Infra-ECS-Cluster-epson-prod-koteikanri-ecs-cluster-2",
            "availability_zones": [
              "ap-northeast-1a",
              "ap-northeast-1c"
            ],
            "capacity_rebalance": false,
            "context": "",
            "default_cooldown": 300,
            "default_instance_warmup": 0,
            "desired_capacity": 1,
            "desired_capacity_type": "",
            "enabled_metrics": null,
            "force_delete": false,
            "force_delete_warm_pool": false,
            "health_check_grace_period": 0,
            "health_check_type": "EC2",
            "id": "Infra-ECS-Cluster-epson-prod-koteikanri-ecs-cluster-2",
            "ignore_failed_scaling_activities": false,
            "initial_lifecycle_hook": [],
            "instance_refresh": [],
            "launch_configuration": "",
            "launch_template": [
              {
                "id": "lt-0fdef859b46b79896",
                "name": "terraform-20240203065333246700000002",
                "version": "$Latest"
              }
            ],
            "load_balancers": [],
            "max_instance_lifetime": 0,
            "max_size": 2,
            "metrics_granularity": "1Minute",
            "min_elb_capacity": null,
            "min_size": 0,
            "mixed_instances_policy": [],
            "name": "Infra-ECS-Cluster-epson-prod-koteikanri-ecs-cluster-2",
            "name_prefix": "",
            "placement_group": "",
            "predicted_capacity": 0,
            "protect_from_scale_in": false,
            "service_linked_role_arn": "arn:aws:iam::339712996936:role/aws-service-role/autoscaling.amazonaws.com/AWSServiceRoleForAutoScaling",
            "suspended_processes": null,
            "tag": [],
            "target_group_arns": [],
            "termination_policies": [],
            "timeouts": null,
            "traffic_source": [],
            "vpc_zone_identifier": [
              "subnet-0e6b42c78d1f542d4",
              "subnet-0fb88492426ce979b"
            ],
            "wait_for_capacity_timeout": "10m",
            "wait_for_elb_capacity": null,
            "warm_pool": [],
            "warm_pool_size": 0
          },
          "sensitive_attributes": [],
          "private": "eyJlMmJmYjczMC1lY2FhLTExZTYtOGY4OC0zNDM2M2JjN2M0YzAiOnsiZGVsZXRlIjo2MDAwMDAwMDAwMDAsInVwZGF0ZSI6NjAwMDAwMDAwMDAwfSwic2NoZW1hX3ZlcnNpb24iOiIxIn0=",
          "dependencies": [
            "aws_iam_instance_profile.ecsInstanceRole",
            "aws_iam_role.ecsInstanceRole",
            "aws_iam_service_linked_role.autoscaling_group",
            "aws_launch_template.api_launch_template"
          ]
        }
      ]
    },
    {
      "mode": "managed",
      "type": "aws_cloudwatch_log_group",
      "name": "api_capacity_provider_gateway_log_group",
      "provider": "provider[\"registry.terraform.io/hashicorp/aws\"]",
      "instances": [
        {
          "schema_version": 0,
          "attributes": {
            "arn": "arn:aws:logs:ap-northeast-1:339712996936:log-group:/aws/capacity-provider/epson-prod-koteikanri-api",
            "id": "/aws/capacity-provider/epson-prod-koteikanri-api",
            "kms_key_id": "",
            "name": "/aws/capacity-provider/epson-prod-koteikanri-api",
            "name_prefix": "",
            "retention_in_days": 0,
            "skip_destroy": false,
            "tags": {},
            "tags_all": {
              "env": "epson-prod",
              "service": "koteikanri"
            }
          },
          "sensitive_attributes": [],
          "private": "bnVsbA=="
        }
      ]
    },
    {
      "mode": "managed",
      "type": "aws_cloudwatch_log_group",
      "name": "api_gateway_log_group",
      "provider": "provider[\"registry.terraform.io/hashicorp/aws\"]",
      "instances": [
        {
          "schema_version": 0,
          "attributes": {
            "arn": "arn:aws:logs:ap-northeast-1:339712996936:log-group:/aws/apigateway/epson-prod-koteikanri-api_gateway_log_group",
            "id": "/aws/apigateway/epson-prod-koteikanri-api_gateway_log_group",
            "kms_key_id": "",
            "name": "/aws/apigateway/epson-prod-koteikanri-api_gateway_log_group",
            "name_prefix": "",
            "retention_in_days": 0,
            "skip_destroy": false,
            "tags": {},
            "tags_all": {
              "env": "epson-prod",
              "service": "koteikanri"
            }
          },
          "sensitive_attributes": [],
          "private": "bnVsbA=="
        }
      ]
    },
    {
      "mode": "managed",
      "type": "aws_ecr_repository",
      "name": "api_ecr_repository",
      "provider": "provider[\"registry.terraform.io/hashicorp/aws\"]",
      "instances": [
        {
          "schema_version": 0,
          "attributes": {
            "arn": "arn:aws:ecr:ap-northeast-1:339712996936:repository/epson-prod-koteikanri/api",
            "encryption_configuration": [
              {
                "encryption_type": "AES256",
                "kms_key": ""
              }
            ],
            "force_delete": null,
            "id": "epson-prod-koteikanri/api",
            "image_scanning_configuration": [
              {
                "scan_on_push": false
              }
            ],
            "image_tag_mutability": "IMMUTABLE",
            "name": "epson-prod-koteikanri/api",
            "registry_id": "339712996936",
            "repository_url": "339712996936.dkr.ecr.ap-northeast-1.amazonaws.com/epson-prod-koteikanri/api",
            "tags": {},
            "tags_all": {
              "env": "epson-prod",
              "service": "koteikanri"
            },
            "timeouts": null
          },
          "sensitive_attributes": [],
          "private": "eyJlMmJmYjczMC1lY2FhLTExZTYtOGY4OC0zNDM2M2JjN2M0YzAiOnsiZGVsZXRlIjoxMjAwMDAwMDAwMDAwfX0="
        }
      ]
    },
    {
      "mode": "managed",
      "type": "aws_ecr_repository",
      "name": "migration_ecr_repository",
      "provider": "provider[\"registry.terraform.io/hashicorp/aws\"]",
      "instances": [
        {
          "schema_version": 0,
          "attributes": {
            "arn": "arn:aws:ecr:ap-northeast-1:339712996936:repository/epson-prod-koteikanri/migration",
            "encryption_configuration": [
              {
                "encryption_type": "AES256",
                "kms_key": ""
              }
            ],
            "force_delete": null,
            "id": "epson-prod-koteikanri/migration",
            "image_scanning_configuration": [
              {
                "scan_on_push": false
              }
            ],
            "image_tag_mutability": "IMMUTABLE",
            "name": "epson-prod-koteikanri/migration",
            "registry_id": "339712996936",
            "repository_url": "339712996936.dkr.ecr.ap-northeast-1.amazonaws.com/epson-prod-koteikanri/migration",
            "tags": {},
            "tags_all": {
              "env": "epson-prod",
              "service": "koteikanri"
            },
            "timeouts": null
          },
          "sensitive_attributes": [],
          "private": "eyJlMmJmYjczMC1lY2FhLTExZTYtOGY4OC0zNDM2M2JjN2M0YzAiOnsiZGVsZXRlIjoxMjAwMDAwMDAwMDAwfX0="
        }
      ]
    },
    {
      "mode": "managed",
      "type": "aws_ecs_cluster",
      "name": "api_ecs_cluster",
      "provider": "provider[\"registry.terraform.io/hashicorp/aws\"]",
      "instances": [
        {
          "schema_version": 0,
          "attributes": {
            "arn": "arn:aws:ecs:ap-northeast-1:339712996936:cluster/epson-prod-koteikanri-ecs-cluster-api",
            "configuration": [
              {
                "execute_command_configuration": [
                  {
                    "kms_key_id": "",
                    "log_configuration": [],
                    "logging": "DEFAULT"
                  }
                ]
              }
            ],
            "id": "arn:aws:ecs:ap-northeast-1:339712996936:cluster/epson-prod-koteikanri-ecs-cluster-api",
            "name": "epson-prod-koteikanri-ecs-cluster-api",
            "service_connect_defaults": [],
            "setting": [
              {
                "name": "containerInsights",
                "value": "disabled"
              }
            ],
            "tags": null,
            "tags_all": {
              "env": "epson-prod",
              "service": "koteikanri"
            }
          },
          "sensitive_attributes": [],
          "private": "bnVsbA=="
        }
      ]
    },
    {
      "mode": "managed",
      "type": "aws_ecs_service",
      "name": "api_ecs_service",
      "provider": "provider[\"registry.terraform.io/hashicorp/aws\"]",
      "instances": [
        {
          "schema_version": 0,
          "attributes": {
            "alarms": [],
            "capacity_provider_strategy": [
              {
                "base": 0,
                "capacity_provider": "epson-prod-koteikanri-ecs-capacity-provider",
                "weight": 1
              }
            ],
            "cluster": "arn:aws:ecs:ap-northeast-1:339712996936:cluster/epson-prod-koteikanri-ecs-cluster-api",
            "deployment_circuit_breaker": [
              {
                "enable": true,
                "rollback": true
              }
            ],
            "deployment_controller": [
              {
                "type": "ECS"
              }
            ],
            "deployment_maximum_percent": 100,
            "deployment_minimum_healthy_percent": 0,
            "desired_count": 1,
            "enable_ecs_managed_tags": true,
            "enable_execute_command": true,
            "force_new_deployment": null,
            "health_check_grace_period_seconds": 0,
            "iam_role": "/aws-service-role/ecs.amazonaws.com/AWSServiceRoleForECS",
            "id": "arn:aws:ecs:ap-northeast-1:339712996936:service/epson-prod-koteikanri-ecs-cluster-api/epson-prod-koteikanri-ecs-service-api",
            "launch_type": "",
            "load_balancer": [],
            "name": "epson-prod-koteikanri-ecs-service-api",
            "network_configuration": [
              {
                "assign_public_ip": false,
                "security_groups": [
                  "sg-00c066bf12c09075a"
                ],
                "subnets": [
                  "subnet-0e6b42c78d1f542d4",
                  "subnet-0fb88492426ce979b"
                ]
              }
            ],
            "ordered_placement_strategy": [
              {
                "field": "attribute:ecs.availability-zone",
                "type": "spread"
              },
              {
                "field": "instanceId",
                "type": "spread"
              }
            ],
            "placement_constraints": [],
            "platform_version": "",
            "propagate_tags": "NONE",
            "scheduling_strategy": "REPLICA",
            "service_connect_configuration": [],
            "service_registries": [],
            "tags": null,
            "tags_all": {
              "env": "epson-prod",
              "service": "koteikanri"
            },
            "task_definition": "arn:aws:ecs:ap-northeast-1:339712996936:task-definition/epson-prod-koteikanri-ecs-service-task-definition-api:4",
            "timeouts": null,
            "triggers": {},
            "wait_for_steady_state": false
          },
          "sensitive_attributes": [],
          "private": "eyJlMmJmYjczMC1lY2FhLTExZTYtOGY4OC0zNDM2M2JjN2M0YzAiOnsiY3JlYXRlIjoxMjAwMDAwMDAwMDAwLCJkZWxldGUiOjEyMDAwMDAwMDAwMDAsInVwZGF0ZSI6MTIwMDAwMDAwMDAwMH19",
          "dependencies": [
            "aws_ecr_repository.api_ecr_repository",
            "aws_ecs_cluster.api_ecs_cluster",
            "aws_ecs_task_definition.api_ecs_task_definition",
            "aws_iam_role.ecsTaskExecutionRole",
            "aws_s3_bucket.ecs_env_bucket"
          ]
        }
      ]
    },
    {
      "mode": "managed",
      "type": "aws_ecs_task_definition",
      "name": "api_ecs_task_definition",
      "provider": "provider[\"registry.terraform.io/hashicorp/aws\"]",
      "instances": [
        {
          "schema_version": 1,
          "attributes": {
            "arn": "arn:aws:ecs:ap-northeast-1:339712996936:task-definition/epson-prod-koteikanri-ecs-service-task-definition-api:4",
            "arn_without_revision": "arn:aws:ecs:ap-northeast-1:339712996936:task-definition/epson-prod-koteikanri-ecs-service-task-definition-api",
            "container_definitions": "[{\"cpu\":0,\"environment\":[],\"environmentFiles\":[{\"type\":\"s3\",\"value\":\"arn:aws:s3:::epson-prod-koteikanri-service-env/.env\"}],\"essential\":true,\"image\":\"339712996936.dkr.ecr.ap-northeast-1.amazonaws.com/epson-prod-koteikanri/api:latest\",\"logConfiguration\":{\"logDriver\":\"awslogs\",\"options\":{\"awslogs-create-group\":\"true\",\"awslogs-group\":\"/ecs/epson-prod-koteikanri-service-api\",\"awslogs-region\":\"ap-northeast-1\",\"awslogs-stream-prefix\":\"ecs\"},\"secretOptions\":[]},\"mountPoints\":[],\"name\":\"api\",\"portMappings\":[{\"appProtocol\":\"http\",\"containerPort\":80,\"hostPort\":80,\"name\":\"api-80-tcp\",\"protocol\":\"tcp\"}],\"ulimits\":[],\"volumesFrom\":[]}]",
            "cpu": "1024",
            "ephemeral_storage": [],
            "execution_role_arn": "arn:aws:iam::339712996936:role/ecsTaskExecutionRole",
            "family": "epson-prod-koteikanri-ecs-service-task-definition-api",
            "id": "epson-prod-koteikanri-ecs-service-task-definition-api",
            "inference_accelerator": [],
            "ipc_mode": "",
            "memory": "717",
            "network_mode": "awsvpc",
            "pid_mode": "",
            "placement_constraints": [],
            "proxy_configuration": [],
            "requires_compatibilities": [
              "EC2"
            ],
            "revision": 4,
            "runtime_platform": [
              {
                "cpu_architecture": "X86_64",
                "operating_system_family": "LINUX"
              }
            ],
            "skip_destroy": false,
            "tags": {},
            "tags_all": {
              "env": "epson-prod",
              "service": "koteikanri"
            },
            "task_role_arn": "arn:aws:iam::339712996936:role/ecsTaskExecutionRole",
            "volume": []
          },
          "sensitive_attributes": [],
          "private": "eyJzY2hlbWFfdmVyc2lvbiI6IjEifQ==",
          "dependencies": [
            "aws_ecr_repository.api_ecr_repository",
            "aws_iam_role.ecsTaskExecutionRole",
            "aws_s3_bucket.ecs_env_bucket"
          ]
        }
      ]
    },
    {
      "mode": "managed",
      "type": "aws_ecs_task_definition",
      "name": "migration_ecs_task_definition",
      "provider": "provider[\"registry.terraform.io/hashicorp/aws\"]",
      "instances": [
        {
          "schema_version": 1,
          "attributes": {
            "arn": "arn:aws:ecs:ap-northeast-1:339712996936:task-definition/epson-prod-koteikanri-ecs-service-task-definition-migration:3",
            "arn_without_revision": "arn:aws:ecs:ap-northeast-1:339712996936:task-definition/epson-prod-koteikanri-ecs-service-task-definition-migration",
            "container_definitions": "[{\"cpu\":0,\"environment\":[],\"environmentFiles\":[{\"type\":\"s3\",\"value\":\"arn:aws:s3:::epson-prod-koteikanri-service-env/.env\"}],\"essential\":true,\"image\":\"339712996936.dkr.ecr.ap-northeast-1.amazonaws.com/epson-prod-koteikanri/migration:latest\",\"logConfiguration\":{\"logDriver\":\"awslogs\",\"options\":{\"awslogs-create-group\":\"true\",\"awslogs-group\":\"/ecs/epson-prod-koteikanri-service-migration\",\"awslogs-region\":\"ap-northeast-1\",\"awslogs-stream-prefix\":\"ecs\"},\"secretOptions\":[]},\"mountPoints\":[],\"name\":\"migration\",\"portMappings\":[],\"ulimits\":[],\"volumesFrom\":[]}]",
            "cpu": "1024",
            "ephemeral_storage": [],
            "execution_role_arn": "arn:aws:iam::339712996936:role/ecsTaskExecutionRole",
            "family": "epson-prod-koteikanri-ecs-service-task-definition-migration",
            "id": "epson-prod-koteikanri-ecs-service-task-definition-migration",
            "inference_accelerator": [],
            "ipc_mode": "",
            "memory": "717",
            "network_mode": "awsvpc",
            "pid_mode": "",
            "placement_constraints": [],
            "proxy_configuration": [],
            "requires_compatibilities": [
              "EC2"
            ],
            "revision": 3,
            "runtime_platform": [
              {
                "cpu_architecture": "X86_64",
                "operating_system_family": "LINUX"
              }
            ],
            "skip_destroy": false,
            "tags": {},
            "tags_all": {
              "env": "epson-prod",
              "service": "koteikanri"
            },
            "task_role_arn": "arn:aws:iam::339712996936:role/ecsTaskExecutionRole",
            "volume": []
          },
          "sensitive_attributes": [],
          "private": "eyJzY2hlbWFfdmVyc2lvbiI6IjEifQ==",
          "dependencies": [
            "aws_ecr_repository.migration_ecr_repository",
            "aws_iam_role.ecsTaskExecutionRole",
            "aws_s3_bucket.ecs_env_bucket"
          ]
        }
      ]
    },
    {
      "mode": "managed",
      "type": "aws_iam_instance_profile",
      "name": "ecsInstanceRole",
      "provider": "provider[\"registry.terraform.io/hashicorp/aws\"]",
      "instances": [
        {
          "schema_version": 0,
          "attributes": {
            "arn": "arn:aws:iam::339712996936:instance-profile/ecsInstanceRole",
            "create_date": "2024-02-03T06:53:33Z",
            "id": "ecsInstanceRole",
            "name": "ecsInstanceRole",
            "name_prefix": "",
            "path": "/",
            "role": "ecsInstanceRole",
            "tags": {},
            "tags_all": {
              "env": "epson-prod",
              "service": "koteikanri"
            },
            "unique_id": "AIPAU6GDY6ZEGMMQK5JY7"
          },
          "sensitive_attributes": [],
          "private": "bnVsbA==",
          "dependencies": [
            "aws_iam_role.ecsInstanceRole"
          ]
        }
      ]
    },
    {
      "mode": "managed",
      "type": "aws_iam_role",
      "name": "ecsInstanceRole",
      "provider": "provider[\"registry.terraform.io/hashicorp/aws\"]",
      "instances": [
        {
          "schema_version": 0,
          "attributes": {
            "arn": "arn:aws:iam::339712996936:role/ecsInstanceRole",
            "assume_role_policy": "{\"Statement\":[{\"Action\":\"sts:AssumeRole\",\"Effect\":\"Allow\",\"Principal\":{\"Service\":\"ec2.amazonaws.com\"},\"Sid\":\"\"},{\"Action\":\"sts:AssumeRole\",\"Effect\":\"Allow\",\"Principal\":{\"Service\":\"ecs-tasks.amazonaws.com\"},\"Sid\":\"\"}],\"Version\":\"2008-10-17\"}",
            "create_date": "2024-02-03T06:53:32Z",
            "description": "",
            "force_detach_policies": false,
            "id": "ecsInstanceRole",
            "inline_policy": [],
            "managed_policy_arns": [
              "arn:aws:iam::aws:policy/service-role/AmazonEC2ContainerServiceforEC2Role"
            ],
            "max_session_duration": 3600,
            "name": "ecsInstanceRole",
            "name_prefix": "",
            "path": "/",
            "permissions_boundary": null,
            "tags": {},
            "tags_all": {
              "env": "epson-prod",
              "service": "koteikanri"
            },
            "unique_id": "AROAU6GDY6ZEJIFNSBVL4"
          },
          "sensitive_attributes": [],
          "private": "bnVsbA=="
        }
      ]
    },
    {
      "mode": "managed",
      "type": "aws_iam_role",
      "name": "ecsTaskExecutionRole",
      "provider": "provider[\"registry.terraform.io/hashicorp/aws\"]",
      "instances": [
        {
          "schema_version": 0,
          "attributes": {
            "arn": "arn:aws:iam::339712996936:role/ecsTaskExecutionRole",
            "assume_role_policy": "{\"Statement\":[{\"Action\":\"sts:AssumeRole\",\"Effect\":\"Allow\",\"Principal\":{\"Service\":\"ecs-tasks.amazonaws.com\"},\"Sid\":\"\"}],\"Version\":\"2008-10-17\"}",
            "create_date": "2024-02-03T06:53:32Z",
            "description": "",
            "force_detach_policies": false,
            "id": "ecsTaskExecutionRole",
            "inline_policy": [
              {
                "name": "inline-ECS-Exec-Policy",
                "policy": "{\"Version\":\"2012-10-17\",\"Statement\":[{\"Action\":[\"ssmmessages:CreateControlChannel\",\"ssmmessages:CreateDataChannel\",\"ssmmessages:OpenControlChannel\",\"ssmmessages:OpenDataChannel\"],\"Effect\":\"Allow\",\"Resource\":\"*\"}]}"
              }
            ],
            "managed_policy_arns": [
              "arn:aws:iam::aws:policy/AmazonS3ReadOnlyAccess",
              "arn:aws:iam::aws:policy/CloudWatchFullAccess",
              "arn:aws:iam::aws:policy/CloudWatchFullAccessV2",
              "arn:aws:iam::aws:policy/service-role/AmazonECSTaskExecutionRolePolicy"
            ],
            "max_session_duration": 3600,
            "name": "ecsTaskExecutionRole",
            "name_prefix": "",
            "path": "/",
            "permissions_boundary": null,
            "tags": {},
            "tags_all": {
              "env": "epson-prod",
              "service": "koteikanri"
            },
            "unique_id": "AROAU6GDY6ZEE7C42XCRM"
          },
          "sensitive_attributes": [],
          "private": "bnVsbA=="
        }
      ]
    },
    {
      "mode": "managed",
      "type": "aws_iam_service_linked_role",
      "name": "autoscaling_group",
      "provider": "provider[\"registry.terraform.io/hashicorp/aws\"]",
      "instances": [
        {
          "schema_version": 0,
          "attributes": {
            "arn": "arn:aws:iam::339712996936:role/aws-service-role/autoscaling.amazonaws.com/AWSServiceRoleForAutoScaling",
            "aws_service_name": "autoscaling.amazonaws.com",
            "create_date": "2024-02-03T06:53:32Z",
            "custom_suffix": "",
            "description": "",
            "id": "arn:aws:iam::339712996936:role/aws-service-role/autoscaling.amazonaws.com/AWSServiceRoleForAutoScaling",
            "name": "AWSServiceRoleForAutoScaling",
            "path": "/aws-service-role/autoscaling.amazonaws.com/",
            "tags": {},
            "tags_all": {
              "env": "epson-prod",
              "service": "koteikanri"
            },
            "unique_id": "AROAU6GDY6ZEBFJCKXP3A"
          },
          "sensitive_attributes": [],
          "private": "bnVsbA=="
        }
      ]
    },
    {
      "mode": "managed",
      "type": "aws_launch_template",
      "name": "api_launch_template",
      "provider": "provider[\"registry.terraform.io/hashicorp/aws\"]",
      "instances": [
        {
          "schema_version": 0,
          "attributes": {
            "arn": "arn:aws:ec2:ap-northeast-1:339712996936:launch-template/lt-0fdef859b46b79896",
            "block_device_mappings": [],
            "capacity_reservation_specification": [],
            "cpu_options": [],
            "credit_specification": [],
            "default_version": 1,
            "description": "",
            "disable_api_stop": false,
            "disable_api_termination": false,
            "ebs_optimized": "",
            "elastic_gpu_specifications": [],
            "elastic_inference_accelerator": [],
            "enclave_options": [],
            "hibernation_options": [],
            "iam_instance_profile": [
              {
                "arn": "arn:aws:iam::339712996936:instance-profile/ecsInstanceRole",
                "name": ""
              }
            ],
            "id": "lt-0fdef859b46b79896",
            "image_id": "ami-0fd4bb49e3134c823",
            "instance_initiated_shutdown_behavior": "",
            "instance_market_options": [],
            "instance_requirements": [],
            "instance_type": "t2.micro",
            "kernel_id": "",
            "key_name": "epson-prod",
            "latest_version": 2,
            "license_specification": [],
            "maintenance_options": [],
            "metadata_options": [],
            "monitoring": [],
            "name": "terraform-20240203065333246700000002",
            "name_prefix": "terraform-",
            "network_interfaces": [],
            "placement": [],
            "private_dns_name_options": [],
            "ram_disk_id": "",
            "security_group_names": [],
            "tag_specifications": [],
            "tags": {},
            "tags_all": {
              "env": "epson-prod",
              "service": "koteikanri"
            },
            "update_default_version": null,
            "user_data": "IyEvYmluL2Jhc2ggCmVjaG8gRUNTX0NMVVNURVI9ZW52LW1hbnVhbC1lY3MtY2x1c3Rlci0yID4+IC9ldGMvZWNzL2Vjcy5jb25maWc7",
            "vpc_security_group_ids": [
              "sg-00c066bf12c09075a"
            ]
          },
          "sensitive_attributes": [],
          "private": "bnVsbA==",
          "dependencies": [
            "aws_iam_instance_profile.ecsInstanceRole",
            "aws_iam_role.ecsInstanceRole"
          ]
        }
      ]
    },
    {
      "mode": "managed",
      "type": "aws_s3_bucket",
      "name": "ecs_env_bucket",
      "provider": "provider[\"registry.terraform.io/hashicorp/aws\"]",
      "instances": [
        {
          "schema_version": 0,
          "attributes": {
            "acceleration_status": "",
            "acl": null,
            "arn": "arn:aws:s3:::epson-prod-koteikanri-service-env",
            "bucket": "epson-prod-koteikanri-service-env",
            "bucket_domain_name": "epson-prod-koteikanri-service-env.s3.amazonaws.com",
            "bucket_prefix": "",
            "bucket_regional_domain_name": "epson-prod-koteikanri-service-env.s3.ap-northeast-1.amazonaws.com",
            "cors_rule": [],
            "force_destroy": false,
            "grant": [
              {
                "id": "8c1b4414f8c2ef91a272610ed3b0a4278e69cb44b8aa5859da92ca26cea57044",
                "permissions": [
                  "FULL_CONTROL"
                ],
                "type": "CanonicalUser",
                "uri": ""
              }
            ],
            "hosted_zone_id": "Z2M4EHUR26P7ZW",
            "id": "epson-prod-koteikanri-service-env",
            "lifecycle_rule": [],
            "logging": [],
            "object_lock_configuration": [],
            "object_lock_enabled": false,
            "policy": "",
            "region": "ap-northeast-1",
            "replication_configuration": [],
            "request_payer": "BucketOwner",
            "server_side_encryption_configuration": [
              {
                "rule": [
                  {
                    "apply_server_side_encryption_by_default": [
                      {
                        "kms_master_key_id": "",
                        "sse_algorithm": "AES256"
                      }
                    ],
                    "bucket_key_enabled": false
                  }
                ]
              }
            ],
            "tags": {},
            "tags_all": {
              "env": "epson-prod",
              "service": "koteikanri"
            },
            "timeouts": null,
            "versioning": [
              {
                "enabled": false,
                "mfa_delete": false
              }
            ],
            "website": [],
            "website_domain": null,
            "website_endpoint": null
          },
          "sensitive_attributes": [],
          "private": "eyJlMmJmYjczMC1lY2FhLTExZTYtOGY4OC0zNDM2M2JjN2M0YzAiOnsiY3JlYXRlIjoxMjAwMDAwMDAwMDAwLCJkZWxldGUiOjM2MDAwMDAwMDAwMDAsInJlYWQiOjEyMDAwMDAwMDAwMDAsInVwZGF0ZSI6MTIwMDAwMDAwMDAwMH19"
        }
      ]
    },
    {
      "mode": "managed",
      "type": "aws_service_discovery_private_dns_namespace",
      "name": "service_discovery_private_dns_namespace",
      "provider": "provider[\"registry.terraform.io/hashicorp/aws\"]",
      "instances": [
        {
          "schema_version": 0,
          "attributes": {
            "arn": "arn:aws:servicediscovery:ap-northeast-1:339712996936:namespace/ns-5lhqvy2krnlsd6fa",
            "description": "",
            "hosted_zone": "Z07724232822RJIDZZNXC",
            "id": "ns-5lhqvy2krnlsd6fa",
            "name": "epson-prod-koteikanri-ecs-namespace",
            "tags": {},
            "tags_all": {
              "env": "epson-prod",
              "service": "koteikanri"
            },
            "vpc": "vpc-05038b0e661966b88"
          },
          "sensitive_attributes": [],
          "private": "bnVsbA=="
        }
      ]
    },
    {
      "mode": "managed",
      "type": "aws_service_discovery_service",
      "name": "service_discovery_service",
      "provider": "provider[\"registry.terraform.io/hashicorp/aws\"]",
      "instances": [
        {
          "schema_version": 0,
          "attributes": {
            "arn": "arn:aws:servicediscovery:ap-northeast-1:339712996936:service/srv-6r6bqrxdjnkamxdx",
            "description": "",
            "dns_config": [],
            "force_destroy": false,
            "health_check_config": [],
            "health_check_custom_config": [],
            "id": "srv-6r6bqrxdjnkamxdx",
            "name": "api-80-tcp",
            "namespace_id": "ns-5lhqvy2krnlsd6fa",
            "tags": {},
            "tags_all": {
              "env": "epson-prod",
              "service": "koteikanri"
            },
            "type": "HTTP"
          },
          "sensitive_attributes": [],
          "private": "bnVsbA==",
          "dependencies": [
            "aws_service_discovery_private_dns_namespace.service_discovery_private_dns_namespace"
          ]
        }
      ]
    }
  ],
  "check_results": null
}
