{
  "version": 4,
  "terraform_version": "1.6.1",
  "serial": 109,
  "lineage": "7a82ad80-da3f-9055-e842-ae069f612826",
  "outputs": {},
  "resources": [
    {
      "mode": "managed",
      "type": "aws_apigatewayv2_api",
      "name": "api_gateway",
      "provider": "provider[\"registry.terraform.io/hashicorp/aws\"]",
      "instances": [
        {
          "schema_version": 0,
          "attributes": {
            "api_endpoint": "https://vzv41tfe1m.execute-api.ap-northeast-1.amazonaws.com",
            "api_key_selection_expression": "$request.header.x-api-key",
            "arn": "arn:aws:apigateway:ap-northeast-1::/apis/vzv41tfe1m",
            "body": null,
            "cors_configuration": [],
            "credentials_arn": null,
            "description": "",
            "disable_execute_api_endpoint": false,
            "execution_arn": "arn:aws:execute-api:ap-northeast-1:796476764001:vzv41tfe1m",
            "fail_on_warnings": null,
            "id": "vzv41tfe1m",
            "name": "other-env-development-test-api",
            "protocol_type": "HTTP",
            "route_key": null,
            "route_selection_expression": "$request.method $request.path",
            "tags": {},
            "tags_all": {
              "env": "other-env",
              "service": "development-test"
            },
            "target": null,
            "version": ""
          },
          "sensitive_attributes": [],
          "private": "bnVsbA=="
        }
      ]
    },
    {
      "mode": "managed",
      "type": "aws_apigatewayv2_integration",
      "name": "api_integration",
      "provider": "provider[\"registry.terraform.io/hashicorp/aws\"]",
      "instances": [
        {
          "schema_version": 0,
          "attributes": {
            "api_id": "vzv41tfe1m",
            "connection_id": "8bk7sa",
            "connection_type": "VPC_LINK",
            "content_handling_strategy": "",
            "credentials_arn": "",
            "description": "",
            "id": "xqyfzmp",
            "integration_method": "ANY",
            "integration_response_selection_expression": "",
            "integration_subtype": "",
            "integration_type": "HTTP_PROXY",
            "integration_uri": "arn:aws:servicediscovery:ap-northeast-1:796476764001:service/srv-jg25t2yxotypvjdp",
            "passthrough_behavior": "",
            "payload_format_version": "1.0",
            "request_parameters": {},
            "request_templates": {},
            "response_parameters": [],
            "template_selection_expression": "",
            "timeout_milliseconds": 30000,
            "tls_config": []
          },
          "sensitive_attributes": [],
          "private": "bnVsbA==",
          "dependencies": [
            "aws_apigatewayv2_api.api_gateway",
            "aws_apigatewayv2_vpc_link.api_vpc_link",
            "aws_service_discovery_private_dns_namespace.service_discovery_private_dns_namespace",
            "aws_service_discovery_service.service_discovery_service"
          ]
        }
      ]
    },
    {
      "mode": "managed",
      "type": "aws_apigatewayv2_route",
      "name": "api_route",
      "provider": "provider[\"registry.terraform.io/hashicorp/aws\"]",
      "instances": [
        {
          "schema_version": 0,
          "attributes": {
            "api_id": "vzv41tfe1m",
            "api_key_required": false,
            "authorization_scopes": [],
            "authorization_type": "NONE",
            "authorizer_id": "",
            "id": "nqbhm95",
            "model_selection_expression": "",
            "operation_name": "",
            "request_models": {},
            "request_parameter": [],
            "route_key": "ANY /{proxy+}",
            "route_response_selection_expression": "",
            "target": "integrations/xqyfzmp"
          },
          "sensitive_attributes": [],
          "private": "bnVsbA==",
          "dependencies": [
            "aws_apigatewayv2_api.api_gateway",
            "aws_apigatewayv2_integration.api_integration",
            "aws_apigatewayv2_vpc_link.api_vpc_link",
            "aws_service_discovery_private_dns_namespace.service_discovery_private_dns_namespace",
            "aws_service_discovery_service.service_discovery_service"
          ]
        }
      ]
    },
    {
      "mode": "managed",
      "type": "aws_apigatewayv2_stage",
      "name": "api_stage",
      "provider": "provider[\"registry.terraform.io/hashicorp/aws\"]",
      "instances": [
        {
          "schema_version": 0,
          "attributes": {
            "access_log_settings": [
              {
                "destination_arn": "arn:aws:logs:ap-northeast-1:796476764001:log-group:/aws/apigateway/other-env-development-test-api_gateway_log_group",
                "format": "$context.identity.sourceIp - - [$context.requestTime] \"$context.httpMethod $context.routeKey $context.protocol\" $context.status $context.responseLength $context.requestId"
              }
            ],
            "api_id": "vzv41tfe1m",
            "arn": "arn:aws:apigateway:ap-northeast-1::/apis/vzv41tfe1m/stages/api",
            "auto_deploy": false,
            "client_certificate_id": "",
            "default_route_settings": [
              {
                "data_trace_enabled": false,
                "detailed_metrics_enabled": true,
                "logging_level": "",
                "throttling_burst_limit": 0,
                "throttling_rate_limit": 0
              }
            ],
            "deployment_id": "",
            "description": "",
            "execution_arn": "arn:aws:execute-api:ap-northeast-1:796476764001:vzv41tfe1m/api",
            "id": "api",
            "invoke_url": "https://vzv41tfe1m.execute-api.ap-northeast-1.amazonaws.com/api",
            "name": "api",
            "route_settings": [],
            "stage_variables": {},
            "tags": {},
            "tags_all": {
              "env": "other-env",
              "service": "development-test"
            }
          },
          "sensitive_attributes": [],
          "private": "bnVsbA==",
          "dependencies": [
            "aws_apigatewayv2_api.api_gateway",
            "aws_cloudwatch_log_group.api_gateway_log_group"
          ]
        }
      ]
    },
    {
      "mode": "managed",
      "type": "aws_apigatewayv2_vpc_link",
      "name": "api_vpc_link",
      "provider": "provider[\"registry.terraform.io/hashicorp/aws\"]",
      "instances": [
        {
          "schema_version": 0,
          "attributes": {
            "arn": "arn:aws:apigateway:ap-northeast-1::/vpclinks/8bk7sa",
            "id": "8bk7sa",
            "name": "other-env-development-test-apigateway-for-ecs-vpc-link",
            "security_group_ids": [
              "sg-0cdeaea6264249e61"
            ],
            "subnet_ids": [
              "subnet-025c809f5df220c40",
              "subnet-0ed461ce575918dca"
            ],
            "tags": {},
            "tags_all": {
              "env": "other-env",
              "service": "development-test"
            }
          },
          "sensitive_attributes": [],
          "private": "bnVsbA=="
        }
      ]
    },
    {
      "mode": "managed",
      "type": "aws_autoscaling_group",
      "name": "api_autoscaling_group",
      "provider": "provider[\"registry.terraform.io/hashicorp/aws\"]",
      "instances": [
        {
          "schema_version": 1,
          "attributes": {
            "arn": "arn:aws:autoscaling:ap-northeast-1:796476764001:autoScalingGroup:cbc1247e-8ba1-4a60-8254-c8fb49de2051:autoScalingGroupName/Infra-ECS-Cluster-other-env-development-test-ecs-cluster",
            "availability_zones": [
              "ap-northeast-1a",
              "ap-northeast-1c"
            ],
            "capacity_rebalance": false,
            "context": "",
            "default_cooldown": 300,
            "default_instance_warmup": 0,
            "desired_capacity": 1,
            "desired_capacity_type": "",
            "enabled_metrics": [],
            "force_delete": false,
            "force_delete_warm_pool": false,
            "health_check_grace_period": 0,
            "health_check_type": "EC2",
            "id": "Infra-ECS-Cluster-other-env-development-test-ecs-cluster",
            "ignore_failed_scaling_activities": false,
            "initial_lifecycle_hook": [],
            "instance_refresh": [],
            "launch_configuration": "",
            "launch_template": [
              {
                "id": "lt-0ce09b22ab5bf3084",
                "name": "terraform-20231024171132839200000002",
                "version": "$Latest"
              }
            ],
            "load_balancers": [],
            "max_instance_lifetime": 0,
            "max_size": 2,
            "metrics_granularity": "1Minute",
            "min_elb_capacity": null,
            "min_size": 0,
            "mixed_instances_policy": [],
            "name": "Infra-ECS-Cluster-other-env-development-test-ecs-cluster",
            "name_prefix": "",
            "placement_group": "",
            "predicted_capacity": 0,
            "protect_from_scale_in": false,
            "service_linked_role_arn": "arn:aws:iam::796476764001:role/aws-service-role/autoscaling.amazonaws.com/AWSServiceRoleForAutoScaling",
            "suspended_processes": [],
            "tag": [],
            "target_group_arns": [],
            "termination_policies": [],
            "timeouts": null,
            "traffic_source": [],
            "vpc_zone_identifier": [
              "subnet-025c809f5df220c40",
              "subnet-0ed461ce575918dca"
            ],
            "wait_for_capacity_timeout": "10m",
            "wait_for_elb_capacity": null,
            "warm_pool": [],
            "warm_pool_size": 0
          },
          "sensitive_attributes": [],
          "private": "eyJlMmJmYjczMC1lY2FhLTExZTYtOGY4OC0zNDM2M2JjN2M0YzAiOnsiZGVsZXRlIjo2MDAwMDAwMDAwMDAsInVwZGF0ZSI6NjAwMDAwMDAwMDAwfSwic2NoZW1hX3ZlcnNpb24iOiIxIn0=",
          "dependencies": [
            "aws_iam_instance_profile.ecsInstanceRole",
            "aws_iam_role.ecsInstanceRole",
            "aws_iam_service_linked_role.autoscaling_group",
            "aws_launch_template.api_launch_template"
          ]
        }
      ]
    },
    {
      "mode": "managed",
      "type": "aws_cloudwatch_log_group",
      "name": "api_capacity_provider_gateway_log_group",
      "provider": "provider[\"registry.terraform.io/hashicorp/aws\"]",
      "instances": [
        {
          "schema_version": 0,
          "attributes": {
            "arn": "arn:aws:logs:ap-northeast-1:796476764001:log-group:/aws/capacity-provider/other-env-development-test-api",
            "id": "/aws/capacity-provider/other-env-development-test-api",
            "kms_key_id": "",
            "name": "/aws/capacity-provider/other-env-development-test-api",
            "name_prefix": "",
            "retention_in_days": 0,
            "skip_destroy": false,
            "tags": {},
            "tags_all": {
              "env": "other-env",
              "service": "development-test"
            }
          },
          "sensitive_attributes": [],
          "private": "bnVsbA=="
        }
      ]
    },
    {
      "mode": "managed",
      "type": "aws_cloudwatch_log_group",
      "name": "api_gateway_log_group",
      "provider": "provider[\"registry.terraform.io/hashicorp/aws\"]",
      "instances": [
        {
          "schema_version": 0,
          "attributes": {
            "arn": "arn:aws:logs:ap-northeast-1:796476764001:log-group:/aws/apigateway/other-env-development-test-api_gateway_log_group",
            "id": "/aws/apigateway/other-env-development-test-api_gateway_log_group",
            "kms_key_id": "",
            "name": "/aws/apigateway/other-env-development-test-api_gateway_log_group",
            "name_prefix": "",
            "retention_in_days": 0,
            "skip_destroy": false,
            "tags": {},
            "tags_all": {
              "env": "other-env",
              "service": "development-test"
            }
          },
          "sensitive_attributes": [],
          "private": "bnVsbA=="
        }
      ]
    },
    {
      "mode": "managed",
      "type": "aws_ecr_repository",
      "name": "api_ecr_repository",
      "provider": "provider[\"registry.terraform.io/hashicorp/aws\"]",
      "instances": [
        {
          "schema_version": 0,
          "attributes": {
            "arn": "arn:aws:ecr:ap-northeast-1:796476764001:repository/other-env-development-test/api",
            "encryption_configuration": [
              {
                "encryption_type": "AES256",
                "kms_key": ""
              }
            ],
            "force_delete": null,
            "id": "other-env-development-test/api",
            "image_scanning_configuration": [
              {
                "scan_on_push": false
              }
            ],
            "image_tag_mutability": "IMMUTABLE",
            "name": "other-env-development-test/api",
            "registry_id": "796476764001",
            "repository_url": "796476764001.dkr.ecr.ap-northeast-1.amazonaws.com/other-env-development-test/api",
            "tags": {},
            "tags_all": {
              "env": "other-env",
              "service": "development-test"
            },
            "timeouts": null
          },
          "sensitive_attributes": [],
          "private": "eyJlMmJmYjczMC1lY2FhLTExZTYtOGY4OC0zNDM2M2JjN2M0YzAiOnsiZGVsZXRlIjoxMjAwMDAwMDAwMDAwfX0="
        }
      ]
    },
    {
      "mode": "managed",
      "type": "aws_ecr_repository",
      "name": "migration_ecr_repository",
      "provider": "provider[\"registry.terraform.io/hashicorp/aws\"]",
      "instances": [
        {
          "schema_version": 0,
          "attributes": {
            "arn": "arn:aws:ecr:ap-northeast-1:796476764001:repository/other-env-development-test/migration",
            "encryption_configuration": [
              {
                "encryption_type": "AES256",
                "kms_key": ""
              }
            ],
            "force_delete": null,
            "id": "other-env-development-test/migration",
            "image_scanning_configuration": [
              {
                "scan_on_push": false
              }
            ],
            "image_tag_mutability": "IMMUTABLE",
            "name": "other-env-development-test/migration",
            "registry_id": "796476764001",
            "repository_url": "796476764001.dkr.ecr.ap-northeast-1.amazonaws.com/other-env-development-test/migration",
            "tags": {},
            "tags_all": {
              "env": "other-env",
              "service": "development-test"
            },
            "timeouts": null
          },
          "sensitive_attributes": [],
          "private": "eyJlMmJmYjczMC1lY2FhLTExZTYtOGY4OC0zNDM2M2JjN2M0YzAiOnsiZGVsZXRlIjoxMjAwMDAwMDAwMDAwfX0="
        }
      ]
    },
    {
      "mode": "managed",
      "type": "aws_ecs_capacity_provider",
      "name": "api_capacity_provider_strategy",
      "provider": "provider[\"registry.terraform.io/hashicorp/aws\"]",
      "instances": [
        {
          "schema_version": 0,
          "attributes": {
            "arn": "arn:aws:ecs:ap-northeast-1:796476764001:capacity-provider/Infra-ECS-Cluster-other-env-development-test-ecs-cluster-api-EC2CapacityProvider",
            "auto_scaling_group_provider": [
              {
                "auto_scaling_group_arn": "arn:aws:autoscaling:ap-northeast-1:796476764001:autoScalingGroup:cbc1247e-8ba1-4a60-8254-c8fb49de2051:autoScalingGroupName/Infra-ECS-Cluster-other-env-development-test-ecs-cluster",
                "managed_scaling": [
                  {
                    "instance_warmup_period": 300,
                    "maximum_scaling_step_size": 10000,
                    "minimum_scaling_step_size": 1,
                    "status": "ENABLED",
                    "target_capacity": 100
                  }
                ],
                "managed_termination_protection": "DISABLED"
              }
            ],
            "id": "arn:aws:ecs:ap-northeast-1:796476764001:capacity-provider/Infra-ECS-Cluster-other-env-development-test-ecs-cluster-api-EC2CapacityProvider",
            "name": "Infra-ECS-Cluster-other-env-development-test-ecs-cluster-api-EC2CapacityProvider",
            "tags": {},
            "tags_all": {
              "env": "other-env",
              "service": "development-test"
            }
          },
          "sensitive_attributes": [],
          "private": "bnVsbA==",
          "dependencies": [
            "aws_autoscaling_group.api_autoscaling_group",
            "aws_ecs_cluster.api_ecs_cluster",
            "aws_iam_instance_profile.ecsInstanceRole",
            "aws_iam_role.ecsInstanceRole",
            "aws_iam_service_linked_role.autoscaling_group",
            "aws_launch_template.api_launch_template"
          ]
        }
      ]
    },
    {
      "mode": "managed",
      "type": "aws_ecs_cluster",
      "name": "api_ecs_cluster",
      "provider": "provider[\"registry.terraform.io/hashicorp/aws\"]",
      "instances": [
        {
          "schema_version": 0,
          "attributes": {
            "arn": "arn:aws:ecs:ap-northeast-1:796476764001:cluster/other-env-development-test-ecs-cluster-api",
            "configuration": [
              {
                "execute_command_configuration": [
                  {
                    "kms_key_id": "",
                    "log_configuration": [],
                    "logging": "DEFAULT"
                  }
                ]
              }
            ],
            "id": "arn:aws:ecs:ap-northeast-1:796476764001:cluster/other-env-development-test-ecs-cluster-api",
            "name": "other-env-development-test-ecs-cluster-api",
            "service_connect_defaults": [],
            "setting": [
              {
                "name": "containerInsights",
                "value": "disabled"
              }
            ],
            "tags": {},
            "tags_all": {
              "env": "other-env",
              "service": "development-test"
            }
          },
          "sensitive_attributes": [],
          "private": "bnVsbA=="
        }
      ]
    },
    {
      "mode": "managed",
      "type": "aws_ecs_service",
      "name": "api_ecs_service",
      "provider": "provider[\"registry.terraform.io/hashicorp/aws\"]",
      "instances": [
        {
          "schema_version": 0,
          "attributes": {
            "alarms": [],
            "capacity_provider_strategy": [
              {
                "base": 0,
                "capacity_provider": "Infra-ECS-Cluster-other-env-development-test-ecs-cluster-api-EC2CapacityProvider",
                "weight": 1
              }
            ],
            "cluster": "arn:aws:ecs:ap-northeast-1:796476764001:cluster/other-env-development-test-ecs-cluster-api",
            "deployment_circuit_breaker": [
              {
                "enable": true,
                "rollback": true
              }
            ],
            "deployment_controller": [
              {
                "type": "ECS"
              }
            ],
            "deployment_maximum_percent": 100,
            "deployment_minimum_healthy_percent": 0,
            "desired_count": 1,
            "enable_ecs_managed_tags": true,
            "enable_execute_command": true,
            "force_new_deployment": null,
            "health_check_grace_period_seconds": 0,
            "iam_role": "/aws-service-role/ecs.amazonaws.com/AWSServiceRoleForECS",
            "id": "arn:aws:ecs:ap-northeast-1:796476764001:service/other-env-development-test-ecs-cluster-api/other-env-development-test-ecs-service-api",
            "launch_type": "",
            "load_balancer": [],
            "name": "other-env-development-test-ecs-service-api",
            "network_configuration": [
              {
                "assign_public_ip": false,
                "security_groups": [
                  "sg-0cdeaea6264249e61"
                ],
                "subnets": [
                  "subnet-025c809f5df220c40",
                  "subnet-0ed461ce575918dca"
                ]
              }
            ],
            "ordered_placement_strategy": [
              {
                "field": "attribute:ecs.availability-zone",
                "type": "spread"
              },
              {
                "field": "instanceId",
                "type": "spread"
              }
            ],
            "placement_constraints": [],
            "platform_version": "",
            "propagate_tags": "NONE",
            "scheduling_strategy": "REPLICA",
            "service_connect_configuration": [],
            "service_registries": [],
            "tags": null,
            "tags_all": {
              "env": "other-env",
              "service": "development-test"
            },
            "task_definition": "arn:aws:ecs:ap-northeast-1:796476764001:task-definition/other-env-development-test-ecs-service-task-definition-api:3",
            "timeouts": null,
            "triggers": {},
            "wait_for_steady_state": false
          },
          "sensitive_attributes": [],
          "private": "eyJlMmJmYjczMC1lY2FhLTExZTYtOGY4OC0zNDM2M2JjN2M0YzAiOnsiY3JlYXRlIjoxMjAwMDAwMDAwMDAwLCJkZWxldGUiOjEyMDAwMDAwMDAwMDAsInVwZGF0ZSI6MTIwMDAwMDAwMDAwMH19",
          "dependencies": [
            "aws_autoscaling_group.api_autoscaling_group",
            "aws_ecr_repository.api_ecr_repository",
            "aws_ecs_capacity_provider.api_capacity_provider_strategy",
            "aws_ecs_cluster.api_ecs_cluster",
            "aws_ecs_task_definition.api_ecs_task_definition",
            "aws_iam_instance_profile.ecsInstanceRole",
            "aws_iam_role.ecsInstanceRole",
            "aws_iam_service_linked_role.autoscaling_group",
            "aws_launch_template.api_launch_template",
            "aws_s3_bucket.ecs_env_bucket"
          ]
        }
      ]
    },
    {
      "mode": "managed",
      "type": "aws_ecs_task_definition",
      "name": "api_ecs_task_definition",
      "provider": "provider[\"registry.terraform.io/hashicorp/aws\"]",
      "instances": [
        {
          "schema_version": 1,
          "attributes": {
            "arn": "arn:aws:ecs:ap-northeast-1:796476764001:task-definition/other-env-development-test-ecs-service-task-definition-api:3",
            "arn_without_revision": "arn:aws:ecs:ap-northeast-1:796476764001:task-definition/other-env-development-test-ecs-service-task-definition-api",
            "container_definitions": "[{\"cpu\":0,\"environment\":[],\"environmentFiles\":[{\"type\":\"s3\",\"value\":\"arn:aws:s3:::other-env-development-test-service-env/.env\"}],\"essential\":true,\"image\":\"arn:aws:ecr:ap-northeast-1:796476764001:repository/other-env-development-test/api:latest\",\"logConfiguration\":{\"logDriver\":\"awslogs\",\"options\":{\"awslogs-create-group\":\"true\",\"awslogs-group\":\"/ecs/other-env-development-test-service-api\",\"awslogs-region\":\"ap-northeast-1\",\"awslogs-stream-prefix\":\"ecs\"},\"secretOptions\":[]},\"mountPoints\":[],\"name\":\"api\",\"portMappings\":[{\"appProtocol\":\"http\",\"containerPort\":80,\"hostPort\":80,\"name\":\"api-80-tcp\",\"protocol\":\"tcp\"}],\"ulimits\":[],\"volumesFrom\":[]}]",
            "cpu": "1024",
            "ephemeral_storage": [],
            "execution_role_arn": "arn:aws:iam::796476764001:role/ecsInstanceRole",
            "family": "other-env-development-test-ecs-service-task-definition-api",
            "id": "other-env-development-test-ecs-service-task-definition-api",
            "inference_accelerator": [],
            "ipc_mode": "",
            "memory": "717",
            "network_mode": "awsvpc",
            "pid_mode": "",
            "placement_constraints": [],
            "proxy_configuration": [],
            "requires_compatibilities": [
              "EC2"
            ],
            "revision": 3,
            "runtime_platform": [
              {
                "cpu_architecture": "X86_64",
                "operating_system_family": "LINUX"
              }
            ],
            "skip_destroy": false,
            "tags": {},
            "tags_all": {
              "env": "other-env",
              "service": "development-test"
            },
            "task_role_arn": "arn:aws:iam::796476764001:role/ecsInstanceRole",
            "volume": []
          },
          "sensitive_attributes": [],
          "private": "eyJzY2hlbWFfdmVyc2lvbiI6IjEifQ==",
          "dependencies": [
            "aws_ecr_repository.api_ecr_repository",
            "aws_iam_role.ecsInstanceRole",
            "aws_s3_bucket.ecs_env_bucket"
          ]
        }
      ]
    },
    {
      "mode": "managed",
      "type": "aws_ecs_task_definition",
      "name": "migration_ecs_task_definition",
      "provider": "provider[\"registry.terraform.io/hashicorp/aws\"]",
      "instances": [
        {
          "schema_version": 1,
          "attributes": {
            "arn": "arn:aws:ecs:ap-northeast-1:796476764001:task-definition/other-env-development-test-ecs-service-task-definition-migration:3",
            "arn_without_revision": "arn:aws:ecs:ap-northeast-1:796476764001:task-definition/other-env-development-test-ecs-service-task-definition-migration",
            "container_definitions": "[{\"cpu\":0,\"environment\":[],\"environmentFiles\":[{\"type\":\"s3\",\"value\":\"arn:aws:s3:::other-env-development-test-service-env/.env\"}],\"essential\":true,\"image\":\"other-env-development-test/migration:latest\",\"logConfiguration\":{\"logDriver\":\"awslogs\",\"options\":{\"awslogs-create-group\":\"true\",\"awslogs-group\":\"/ecs/other-env-development-test-service-migration\",\"awslogs-region\":\"ap-northeast-1\",\"awslogs-stream-prefix\":\"ecs\"},\"secretOptions\":[]},\"mountPoints\":[],\"name\":\"migration\",\"portMappings\":[],\"ulimits\":[],\"volumesFrom\":[]}]",
            "cpu": "1024",
            "ephemeral_storage": [],
            "execution_role_arn": "arn:aws:iam::796476764001:role/ecsInstanceRole",
            "family": "other-env-development-test-ecs-service-task-definition-migration",
            "id": "other-env-development-test-ecs-service-task-definition-migration",
            "inference_accelerator": [],
            "ipc_mode": "",
            "memory": "717",
            "network_mode": "awsvpc",
            "pid_mode": "",
            "placement_constraints": [],
            "proxy_configuration": [],
            "requires_compatibilities": [
              "EC2"
            ],
            "revision": 3,
            "runtime_platform": [
              {
                "cpu_architecture": "X86_64",
                "operating_system_family": "LINUX"
              }
            ],
            "skip_destroy": false,
            "tags": {},
            "tags_all": {
              "env": "other-env",
              "service": "development-test"
            },
            "task_role_arn": "arn:aws:iam::796476764001:role/ecsInstanceRole",
            "volume": []
          },
          "sensitive_attributes": [],
          "private": "eyJzY2hlbWFfdmVyc2lvbiI6IjEifQ==",
          "dependencies": [
            "aws_ecr_repository.migration_ecr_repository",
            "aws_iam_role.ecsInstanceRole",
            "aws_s3_bucket.ecs_env_bucket"
          ]
        }
      ]
    },
    {
      "mode": "managed",
      "type": "aws_iam_instance_profile",
      "name": "ecsInstanceRole",
      "provider": "provider[\"registry.terraform.io/hashicorp/aws\"]",
      "instances": [
        {
          "schema_version": 0,
          "attributes": {
            "arn": "arn:aws:iam::796476764001:instance-profile/ecsInstanceRole",
            "create_date": "2023-10-24T17:11:32Z",
            "id": "ecsInstanceRole",
            "name": "ecsInstanceRole",
            "name_prefix": "",
            "path": "/",
            "role": "ecsInstanceRole",
            "tags": {},
            "tags_all": {
              "env": "other-env",
              "service": "development-test"
            },
            "unique_id": "AIPA3S4NW55QWKZCLOFWP"
          },
          "sensitive_attributes": [],
          "private": "bnVsbA==",
          "dependencies": [
            "aws_iam_role.ecsInstanceRole"
          ]
        }
      ]
    },
    {
      "mode": "managed",
      "type": "aws_iam_role",
      "name": "ecsInstanceRole",
      "provider": "provider[\"registry.terraform.io/hashicorp/aws\"]",
      "instances": [
        {
          "schema_version": 0,
          "attributes": {
            "arn": "arn:aws:iam::796476764001:role/ecsInstanceRole",
            "assume_role_policy": "{\"Statement\":[{\"Action\":\"sts:AssumeRole\",\"Effect\":\"Allow\",\"Principal\":{\"Service\":\"ec2.amazonaws.com\"},\"Sid\":\"\"}],\"Version\":\"2008-10-17\"}",
            "create_date": "2023-10-24T17:11:31Z",
            "description": "",
            "force_detach_policies": false,
            "id": "ecsInstanceRole",
            "inline_policy": [],
            "managed_policy_arns": [
              "arn:aws:iam::aws:policy/service-role/AmazonEC2ContainerServiceforEC2Role"
            ],
            "max_session_duration": 3600,
            "name": "ecsInstanceRole",
            "name_prefix": "",
            "path": "/",
            "permissions_boundary": null,
            "tags": {},
            "tags_all": {
              "env": "other-env",
              "service": "development-test"
            },
            "unique_id": "AROA3S4NW55QRMOT3ZVXX"
          },
          "sensitive_attributes": [],
          "private": "bnVsbA=="
        }
      ]
    },
    {
      "mode": "managed",
      "type": "aws_iam_role",
      "name": "ecsTaskExecutionRole",
      "provider": "provider[\"registry.terraform.io/hashicorp/aws\"]",
      "instances": [
        {
          "schema_version": 0,
          "attributes": {
            "arn": "arn:aws:iam::796476764001:role/ecsTaskExecutionRole",
            "assume_role_policy": "{\"Statement\":[{\"Action\":\"sts:AssumeRole\",\"Effect\":\"Allow\",\"Principal\":{\"Service\":\"ecs-tasks.amazonaws.com\"},\"Sid\":\"\"}],\"Version\":\"2008-10-17\"}",
            "create_date": "2023-10-24T17:11:31Z",
            "description": "",
            "force_detach_policies": false,
            "id": "ecsTaskExecutionRole",
            "inline_policy": [
              {
                "name": "inline-ECS-Exec-Policy",
                "policy": "{\"Version\":\"2012-10-17\",\"Statement\":[{\"Action\":[\"ssmmessages:CreateControlChannel\",\"ssmmessages:CreateDataChannel\",\"ssmmessages:OpenControlChannel\",\"ssmmessages:OpenDataChannel\"],\"Effect\":\"Allow\",\"Resource\":\"*\"}]}"
              }
            ],
            "managed_policy_arns": [
              "arn:aws:iam::aws:policy/AmazonS3ReadOnlyAccess",
              "arn:aws:iam::aws:policy/CloudWatchFullAccess",
              "arn:aws:iam::aws:policy/CloudWatchFullAccessV2",
              "arn:aws:iam::aws:policy/service-role/AmazonECSTaskExecutionRolePolicy"
            ],
            "max_session_duration": 3600,
            "name": "ecsTaskExecutionRole",
            "name_prefix": "",
            "path": "/",
            "permissions_boundary": null,
            "tags": {},
            "tags_all": {
              "env": "other-env",
              "service": "development-test"
            },
            "unique_id": "AROA3S4NW55QX3MC5PBCN"
          },
          "sensitive_attributes": [],
          "private": "bnVsbA=="
        }
      ]
    },
    {
      "mode": "managed",
      "type": "aws_iam_service_linked_role",
      "name": "autoscaling_group",
      "provider": "provider[\"registry.terraform.io/hashicorp/aws\"]",
      "instances": [
        {
          "schema_version": 0,
          "attributes": {
            "arn": "arn:aws:iam::796476764001:role/aws-service-role/autoscaling.amazonaws.com/AWSServiceRoleForAutoScaling",
            "aws_service_name": "autoscaling.amazonaws.com",
            "create_date": "2023-10-24T17:11:31Z",
            "custom_suffix": "",
            "description": "",
            "id": "arn:aws:iam::796476764001:role/aws-service-role/autoscaling.amazonaws.com/AWSServiceRoleForAutoScaling",
            "name": "AWSServiceRoleForAutoScaling",
            "path": "/aws-service-role/autoscaling.amazonaws.com/",
            "tags": {},
            "tags_all": {
              "env": "other-env",
              "service": "development-test"
            },
            "unique_id": "AROA3S4NW55QTPBXL43VD"
          },
          "sensitive_attributes": [],
          "private": "bnVsbA=="
        }
      ]
    },
    {
      "mode": "managed",
      "type": "aws_launch_template",
      "name": "api_launch_template",
      "provider": "provider[\"registry.terraform.io/hashicorp/aws\"]",
      "instances": [
        {
          "schema_version": 0,
          "attributes": {
            "arn": "arn:aws:ec2:ap-northeast-1:796476764001:launch-template/lt-0ce09b22ab5bf3084",
            "block_device_mappings": [],
            "capacity_reservation_specification": [],
            "cpu_options": [],
            "credit_specification": [],
            "default_version": 1,
            "description": "",
            "disable_api_stop": false,
            "disable_api_termination": false,
            "ebs_optimized": "",
            "elastic_gpu_specifications": [],
            "elastic_inference_accelerator": [],
            "enclave_options": [],
            "hibernation_options": [],
            "iam_instance_profile": [
              {
                "arn": "arn:aws:iam::796476764001:instance-profile/ecsInstanceRole",
                "name": ""
              }
            ],
            "id": "lt-0ce09b22ab5bf3084",
            "image_id": "ami-0fd4bb49e3134c823",
            "instance_initiated_shutdown_behavior": "",
            "instance_market_options": [],
            "instance_requirements": [],
            "instance_type": "t2.micro",
            "kernel_id": "",
            "key_name": "other-env-key-pair",
            "latest_version": 1,
            "license_specification": [],
            "maintenance_options": [],
            "metadata_options": [],
            "monitoring": [],
            "name": "terraform-20231024171132839200000002",
            "name_prefix": "terraform-",
            "network_interfaces": [],
            "placement": [],
            "private_dns_name_options": [],
            "ram_disk_id": "",
            "security_group_names": [],
            "tag_specifications": [],
            "tags": {},
            "tags_all": {
              "env": "other-env",
              "service": "development-test"
            },
            "update_default_version": null,
            "user_data": "IyEvYmluL2Jhc2ggCmVjaG8gRUNTX0NMVVNURVI9ZW52LW1hbnVhbC1lY3MtY2x1c3Rlci0yID4+IC9ldGMvZWNzL2Vjcy5jb25maWc7",
            "vpc_security_group_ids": []
          },
          "sensitive_attributes": [],
          "private": "bnVsbA==",
          "dependencies": [
            "aws_iam_instance_profile.ecsInstanceRole",
            "aws_iam_role.ecsInstanceRole"
          ]
        }
      ]
    },
    {
      "mode": "managed",
      "type": "aws_s3_bucket",
      "name": "ecs_env_bucket",
      "provider": "provider[\"registry.terraform.io/hashicorp/aws\"]",
      "instances": [
        {
          "schema_version": 0,
          "attributes": {
            "acceleration_status": "",
            "acl": null,
            "arn": "arn:aws:s3:::other-env-development-test-service-env",
            "bucket": "other-env-development-test-service-env",
            "bucket_domain_name": "other-env-development-test-service-env.s3.amazonaws.com",
            "bucket_prefix": "",
            "bucket_regional_domain_name": "other-env-development-test-service-env.s3.ap-northeast-1.amazonaws.com",
            "cors_rule": [],
            "force_destroy": false,
            "grant": [
              {
                "id": "8efad457fecc9a92757320b9d6ed68176b2d16154113079dfc7850b9966e6cf5",
                "permissions": [
                  "FULL_CONTROL"
                ],
                "type": "CanonicalUser",
                "uri": ""
              }
            ],
            "hosted_zone_id": "Z2M4EHUR26P7ZW",
            "id": "other-env-development-test-service-env",
            "lifecycle_rule": [],
            "logging": [],
            "object_lock_configuration": [],
            "object_lock_enabled": false,
            "policy": "",
            "region": "ap-northeast-1",
            "replication_configuration": [],
            "request_payer": "BucketOwner",
            "server_side_encryption_configuration": [
              {
                "rule": [
                  {
                    "apply_server_side_encryption_by_default": [
                      {
                        "kms_master_key_id": "",
                        "sse_algorithm": "AES256"
                      }
                    ],
                    "bucket_key_enabled": false
                  }
                ]
              }
            ],
            "tags": {},
            "tags_all": {
              "env": "other-env",
              "service": "development-test"
            },
            "timeouts": null,
            "versioning": [
              {
                "enabled": false,
                "mfa_delete": false
              }
            ],
            "website": [],
            "website_domain": null,
            "website_endpoint": null
          },
          "sensitive_attributes": [],
          "private": "eyJlMmJmYjczMC1lY2FhLTExZTYtOGY4OC0zNDM2M2JjN2M0YzAiOnsiY3JlYXRlIjoxMjAwMDAwMDAwMDAwLCJkZWxldGUiOjM2MDAwMDAwMDAwMDAsInJlYWQiOjEyMDAwMDAwMDAwMDAsInVwZGF0ZSI6MTIwMDAwMDAwMDAwMH19"
        }
      ]
    },
    {
      "mode": "managed",
      "type": "aws_service_discovery_private_dns_namespace",
      "name": "service_discovery_private_dns_namespace",
      "provider": "provider[\"registry.terraform.io/hashicorp/aws\"]",
      "instances": [
        {
          "schema_version": 0,
          "attributes": {
            "arn": "arn:aws:servicediscovery:ap-northeast-1:796476764001:namespace/ns-kxvmeabkdgutjitv",
            "description": "",
            "hosted_zone": "Z0206281G9PV6PCQKJBY",
            "id": "ns-kxvmeabkdgutjitv",
            "name": "other-env-development-test-ecs-namespace",
            "tags": {},
            "tags_all": {
              "env": "other-env",
              "service": "development-test"
            },
            "vpc": "vpc-00fb5241239974f5d"
          },
          "sensitive_attributes": [],
          "private": "bnVsbA=="
        }
      ]
    },
    {
      "mode": "managed",
      "type": "aws_service_discovery_service",
      "name": "service_discovery_service",
      "provider": "provider[\"registry.terraform.io/hashicorp/aws\"]",
      "instances": [
        {
          "schema_version": 0,
          "attributes": {
            "arn": "arn:aws:servicediscovery:ap-northeast-1:796476764001:service/srv-jg25t2yxotypvjdp",
            "description": "",
            "dns_config": [],
            "force_destroy": false,
            "health_check_config": [],
            "health_check_custom_config": [],
            "id": "srv-jg25t2yxotypvjdp",
            "name": "api-80-tcp",
            "namespace_id": "ns-kxvmeabkdgutjitv",
            "tags": {},
            "tags_all": {
              "env": "other-env",
              "service": "development-test"
            },
            "type": "HTTP"
          },
          "sensitive_attributes": [],
          "private": "bnVsbA==",
          "dependencies": [
            "aws_service_discovery_private_dns_namespace.service_discovery_private_dns_namespace"
          ]
        }
      ]
    }
  ],
  "check_results": null
}
